// !$*UTF8*$!
{
	archiveVersion = 1;
	classes = {
	};
	objectVersion = 46;
	objects = {

/* Begin PBXBuildFile section */
		D1EDC1531C96D35500902C6E /* AppDelegate.swift in Sources */ = {isa = PBXBuildFile; fileRef = D1EDC1521C96D35500902C6E /* AppDelegate.swift */; };
		D1EDC1551C96D35500902C6E /* ViewController.swift in Sources */ = {isa = PBXBuildFile; fileRef = D1EDC1541C96D35500902C6E /* ViewController.swift */; };
		D1EDC1581C96D35500902C6E /* Main.storyboard in Resources */ = {isa = PBXBuildFile; fileRef = D1EDC1561C96D35500902C6E /* Main.storyboard */; };
		D1EDC15A1C96D35500902C6E /* Assets.xcassets in Resources */ = {isa = PBXBuildFile; fileRef = D1EDC1591C96D35500902C6E /* Assets.xcassets */; };
		D1EDC15D1C96D35500902C6E /* LaunchScreen.storyboard in Resources */ = {isa = PBXBuildFile; fileRef = D1EDC15B1C96D35500902C6E /* LaunchScreen.storyboard */; };
		D1EDC1681C96D35500902C6E /* sovina_iosTests.swift in Sources */ = {isa = PBXBuildFile; fileRef = D1EDC1671C96D35500902C6E /* sovina_iosTests.swift */; };
/* End PBXBuildFile section */

/* Begin PBXContainerItemProxy section */
		D1EDC1641C96D35500902C6E /* PBXContainerItemProxy */ = {
			isa = PBXContainerItemProxy;
			containerPortal = D1EDC1471C96D35400902C6E /* Project object */;
			proxyType = 1;
			remoteGlobalIDString = D1EDC14E1C96D35500902C6E;
			remoteInfo = sovina_ios;
		};
/* End PBXContainerItemProxy section */

/* Begin PBXFileReference section */
		D1EDC14F1C96D35500902C6E /* sovina_ios.app */ = {isa = PBXFileReference; explicitFileType = wrapper.application; includeInIndex = 0; path = sovina_ios.app; sourceTree = BUILT_PRODUCTS_DIR; };
		D1EDC1521C96D35500902C6E /* AppDelegate.swift */ = {isa = PBXFileReference; lastKnownFileType = sourcecode.swift; path = AppDelegate.swift; sourceTree = "<group>"; };
		D1EDC1541C96D35500902C6E /* ViewController.swift */ = {isa = PBXFileReference; lastKnownFileType = sourcecode.swift; path = ViewController.swift; sourceTree = "<group>"; };
		D1EDC1571C96D35500902C6E /* Base */ = {isa = PBXFileReference; lastKnownFileType = file.storyboard; name = Base; path = Base.lproj/Main.storyboard; sourceTree = "<group>"; };
		D1EDC1591C96D35500902C6E /* Assets.xcassets */ = {isa = PBXFileReference; lastKnownFileType = folder.assetcatalog; path = Assets.xcassets; sourceTree = "<group>"; };
		D1EDC15C1C96D35500902C6E /* Base */ = {isa = PBXFileReference; lastKnownFileType = file.storyboard; name = Base; path = Base.lproj/LaunchScreen.storyboard; sourceTree = "<group>"; };
		D1EDC15E1C96D35500902C6E /* Info.plist */ = {isa = PBXFileReference; lastKnownFileType = text.plist.xml; path = Info.plist; sourceTree = "<group>"; };
		D1EDC1631C96D35500902C6E /* sovina_iosTests.xctest */ = {isa = PBXFileReference; explicitFileType = wrapper.cfbundle; includeInIndex = 0; path = sovina_iosTests.xctest; sourceTree = BUILT_PRODUCTS_DIR; };
		D1EDC1671C96D35500902C6E /* sovina_iosTests.swift */ = {isa = PBXFileReference; lastKnownFileType = sourcecode.swift; path = sovina_iosTests.swift; sourceTree = "<group>"; };
		D1EDC1691C96D35500902C6E /* Info.plist */ = {isa = PBXFileReference; lastKnownFileType = text.plist.xml; path = Info.plist; sourceTree = "<group>"; };
/* End PBXFileReference section */

/* Begin PBXFrameworksBuildPhase section */
		D1EDC14C1C96D35500902C6E /* Frameworks */ = {
			isa = PBXFrameworksBuildPhase;
			buildActionMask = 2147483647;
			files = (
			);
			runOnlyForDeploymentPostprocessing = 0;
		};
		D1EDC1601C96D35500902C6E /* Frameworks */ = {
			isa = PBXFrameworksBuildPhase;
			buildActionMask = 2147483647;
			files = (
			);
			runOnlyForDeploymentPostprocessing = 0;
		};
/* End PBXFrameworksBuildPhase section */

/* Begin PBXGroup section */
		D1EDC1461C96D35400902C6E = {
			isa = PBXGroup;
			children = (
				D1EDC1511C96D35500902C6E /* sovina_ios */,
				D1EDC1661C96D35500902C6E /* sovina_iosTests */,
				D1EDC1501C96D35500902C6E /* Products */,
			);
			sourceTree = "<group>";
		};
		D1EDC1501C96D35500902C6E /* Products */ = {
			isa = PBXGroup;
			children = (
				D1EDC14F1C96D35500902C6E /* sovina_ios.app */,
				D1EDC1631C96D35500902C6E /* sovina_iosTests.xctest */,
			);
			name = Products;
			sourceTree = "<group>";
		};
		D1EDC1511C96D35500902C6E /* sovina_ios */ = {
			isa = PBXGroup;
			children = (
				D1EDC1521C96D35500902C6E /* AppDelegate.swift */,
				D1EDC1541C96D35500902C6E /* ViewController.swift */,
				D1EDC1561C96D35500902C6E /* Main.storyboard */,
				D1EDC1591C96D35500902C6E /* Assets.xcassets */,
				D1EDC15B1C96D35500902C6E /* LaunchScreen.storyboard */,
				D1EDC15E1C96D35500902C6E /* Info.plist */,
			);
			path = sovina_ios;
			sourceTree = "<group>";
		};
		D1EDC1661C96D35500902C6E /* sovina_iosTests */ = {
			isa = PBXGroup;
			children = (
				D1EDC1671C96D35500902C6E /* sovina_iosTests.swift */,
				D1EDC1691C96D35500902C6E /* Info.plist */,
			);
			path = sovina_iosTests;
			sourceTree = "<group>";
		};
/* End PBXGroup section */

/* Begin PBXNativeTarget section */
		D1EDC14E1C96D35500902C6E /* sovina_ios */ = {
			isa = PBXNativeTarget;
			buildConfigurationList = D1EDC16C1C96D35500902C6E /* Build configuration list for PBXNativeTarget "sovina_ios" */;
			buildPhases = (
				D1EDC14B1C96D35500902C6E /* Sources */,
				D1EDC14C1C96D35500902C6E /* Frameworks */,
				D1EDC14D1C96D35500902C6E /* Resources */,
			);
			buildRules = (
			);
			dependencies = (
			);
			name = sovina_ios;
			productName = sovina_ios;
			productReference = D1EDC14F1C96D35500902C6E /* sovina_ios.app */;
			productType = "com.apple.product-type.application";
		};
		D1EDC1621C96D35500902C6E /* sovina_iosTests */ = {
			isa = PBXNativeTarget;
			buildConfigurationList = D1EDC16F1C96D35500902C6E /* Build configuration list for PBXNativeTarget "sovina_iosTests" */;
			buildPhases = (
				D1EDC15F1C96D35500902C6E /* Sources */,
				D1EDC1601C96D35500902C6E /* Frameworks */,
				D1EDC1611C96D35500902C6E /* Resources */,
			);
			buildRules = (
			);
			dependencies = (
				D1EDC1651C96D35500902C6E /* PBXTargetDependency */,
			);
			name = sovina_iosTests;
			productName = sovina_iosTests;
			productReference = D1EDC1631C96D35500902C6E /* sovina_iosTests.xctest */;
			productType = "com.apple.product-type.bundle.unit-test";
		};
/* End PBXNativeTarget section */

/* Begin PBXProject section */
		D1EDC1471C96D35400902C6E /* Project object */ = {
			isa = PBXProject;
			attributes = {
				LastSwiftUpdateCheck = 0720;
				LastUpgradeCheck = 0720;
				ORGANIZATIONNAME = "Raoni Valadares";
				TargetAttributes = {
					D1EDC14E1C96D35500902C6E = {
						CreatedOnToolsVersion = 7.2.1;
					};
					D1EDC1621C96D35500902C6E = {
						CreatedOnToolsVersion = 7.2.1;
						TestTargetID = D1EDC14E1C96D35500902C6E;
					};
				};
			};
			buildConfigurationList = D1EDC14A1C96D35400902C6E /* Build configuration list for PBXProject "sovina_ios" */;
			compatibilityVersion = "Xcode 3.2";
			developmentRegion = English;
			hasScannedForEncodings = 0;
			knownRegions = (
				en,
				Base,
			);
			mainGroup = D1EDC1461C96D35400902C6E;
			productRefGroup = D1EDC1501C96D35500902C6E /* Products */;
			projectDirPath = "";
			projectRoot = "";
			targets = (
				D1EDC14E1C96D35500902C6E /* sovina_ios */,
				D1EDC1621C96D35500902C6E /* sovina_iosTests */,
			);
		};
/* End PBXProject section */

/* Begin PBXResourcesBuildPhase section */
		D1EDC14D1C96D35500902C6E /* Resources */ = {
			isa = PBXResourcesBuildPhase;
			buildActionMask = 2147483647;
			files = (
				D1EDC15D1C96D35500902C6E /* LaunchScreen.storyboard in Resources */,
				D1EDC15A1C96D35500902C6E /* Assets.xcassets in Resources */,
				D1EDC1581C96D35500902C6E /* Main.storyboard in Resources */,
			);
			runOnlyForDeploymentPostprocessing = 0;
		};
		D1EDC1611C96D35500902C6E /* Resources */ = {
			isa = PBXResourcesBuildPhase;
			buildActionMask = 2147483647;
			files = (
			);
			runOnlyForDeploymentPostprocessing = 0;
		};
/* End PBXResourcesBuildPhase section */

/* Begin PBXSourcesBuildPhase section */
		D1EDC14B1C96D35500902C6E /* Sources */ = {
			isa = PBXSourcesBuildPhase;
			buildActionMask = 2147483647;
			files = (
				D1EDC1551C96D35500902C6E /* ViewController.swift in Sources */,
				D1EDC1531C96D35500902C6E /* AppDelegate.swift in Sources */,
			);
			runOnlyForDeploymentPostprocessing = 0;
		};
		D1EDC15F1C96D35500902C6E /* Sources */ = {
			isa = PBXSourcesBuildPhase;
			buildActionMask = 2147483647;
			files = (
				D1EDC1681C96D35500902C6E /* sovina_iosTests.swift in Sources */,
			);
			runOnlyForDeploymentPostprocessing = 0;
		};
/* End PBXSourcesBuildPhase section */

/* Begin PBXTargetDependency section */
		D1EDC1651C96D35500902C6E /* PBXTargetDependency */ = {
			isa = PBXTargetDependency;
			target = D1EDC14E1C96D35500902C6E /* sovina_ios */;
			targetProxy = D1EDC1641C96D35500902C6E /* PBXContainerItemProxy */;
		};
/* End PBXTargetDependency section */

/* Begin PBXVariantGroup section */
		D1EDC1561C96D35500902C6E /* Main.storyboard */ = {
			isa = PBXVariantGroup;
			children = (
				D1EDC1571C96D35500902C6E /* Base */,
			);
			name = Main.storyboard;
			sourceTree = "<group>";
		};
		D1EDC15B1C96D35500902C6E /* LaunchScreen.storyboard */ = {
			isa = PBXVariantGroup;
			children = (
				D1EDC15C1C96D35500902C6E /* Base */,
			);
			name = LaunchScreen.storyboard;
			sourceTree = "<group>";
		};
/* End PBXVariantGroup section */

/* Begin XCBuildConfiguration section */
		D1EDC16A1C96D35500902C6E /* Debug */ = {
			isa = XCBuildConfiguration;
			buildSettings = {
				ALWAYS_SEARCH_USER_PATHS = NO;
				CLANG_CXX_LANGUAGE_STANDARD = "gnu++0x";
				CLANG_CXX_LIBRARY = "libc++";
				CLANG_ENABLE_MODULES = YES;
				CLANG_ENABLE_OBJC_ARC = YES;
				CLANG_WARN_BOOL_CONVERSION = YES;
				CLANG_WARN_CONSTANT_CONVERSION = YES;
				CLANG_WARN_DIRECT_OBJC_ISA_USAGE = YES_ERROR;
				CLANG_WARN_EMPTY_BODY = YES;
				CLANG_WARN_ENUM_CONVERSION = YES;
				CLANG_WARN_INT_CONVERSION = YES;
				CLANG_WARN_OBJC_ROOT_CLASS = YES_ERROR;
				CLANG_WARN_UNREACHABLE_CODE = YES;
				CLANG_WARN__DUPLICATE_METHOD_MATCH = YES;
				"CODE_SIGN_IDENTITY[sdk=iphoneos*]" = "iPhone Developer";
				COPY_PHASE_STRIP = NO;
				DEBUG_INFORMATION_FORMAT = dwarf;
				ENABLE_STRICT_OBJC_MSGSEND = YES;
				ENABLE_TESTABILITY = YES;
				GCC_C_LANGUAGE_STANDARD = gnu99;
				GCC_DYNAMIC_NO_PIC = NO;
				GCC_NO_COMMON_BLOCKS = YES;
				GCC_OPTIMIZATION_LEVEL = 0;
				GCC_PREPROCESSOR_DEFINITIONS = (
					"DEBUG=1",
					"$(inherited)",
				);
				GCC_WARN_64_TO_32_BIT_CONVERSION = YES;
				GCC_WARN_ABOUT_RETURN_TYPE = YES_ERROR;
				GCC_WARN_UNDECLARED_SELECTOR = YES;
				GCC_WARN_UNINITIALIZED_AUTOS = YES_AGGRESSIVE;
				GCC_WARN_UNUSED_FUNCTION = YES;
				GCC_WARN_UNUSED_VARIABLE = YES;
				IPHONEOS_DEPLOYMENT_TARGET = 9.2;
				MTL_ENABLE_DEBUG_INFO = YES;
				ONLY_ACTIVE_ARCH = YES;
				SDKROOT = iphoneos;
				SWIFT_OPTIMIZATION_LEVEL = "-Onone";
				TARGETED_DEVICE_FAMILY = "1,2";
			};
			name = Debug;
		};
		D1EDC16B1C96D35500902C6E /* Release */ = {
			isa = XCBuildConfiguration;
			buildSettings = {
				ALWAYS_SEARCH_USER_PATHS = NO;
				CLANG_CXX_LANGUAGE_STANDARD = "gnu++0x";
				CLANG_CXX_LIBRARY = "libc++";
				CLANG_ENABLE_MODULES = YES;
				CLANG_ENABLE_OBJC_ARC = YES;
				CLANG_WARN_BOOL_CONVERSION = YES;
				CLANG_WARN_CONSTANT_CONVERSION = YES;
				CLANG_WARN_DIRECT_OBJC_ISA_USAGE = YES_ERROR;
				CLANG_WARN_EMPTY_BODY = YES;
				CLANG_WARN_ENUM_CONVERSION = YES;
				CLANG_WARN_INT_CONVERSION = YES;
				CLANG_WARN_OBJC_ROOT_CLASS = YES_ERROR;
				CLANG_WARN_UNREACHABLE_CODE = YES;
				CLANG_WARN__DUPLICATE_METHOD_MATCH = YES;
				"CODE_SIGN_IDENTITY[sdk=iphoneos*]" = "iPhone Developer";
				COPY_PHASE_STRIP = NO;
				DEBUG_INFORMATION_FORMAT = "dwarf-with-dsym";
				ENABLE_NS_ASSERTIONS = NO;
				ENABLE_STRICT_OBJC_MSGSEND = YES;
				GCC_C_LANGUAGE_STANDARD = gnu99;
				GCC_NO_COMMON_BLOCKS = YES;
				GCC_WARN_64_TO_32_BIT_CONVERSION = YES;
				GCC_WARN_ABOUT_RETURN_TYPE = YES_ERROR;
				GCC_WARN_UNDECLARED_SELECTOR = YES;
				GCC_WARN_UNINITIALIZED_AUTOS = YES_AGGRESSIVE;
				GCC_WARN_UNUSED_FUNCTION = YES;
				GCC_WARN_UNUSED_VARIABLE = YES;
				IPHONEOS_DEPLOYMENT_TARGET = 9.2;
				MTL_ENABLE_DEBUG_INFO = NO;
				SDKROOT = iphoneos;
				TARGETED_DEVICE_FAMILY = "1,2";
				VALIDATE_PRODUCT = YES;
			};
			name = Release;
		};
		D1EDC16D1C96D35500902C6E /* Debug */ = {
			isa = XCBuildConfiguration;
			buildSettings = {
				ASSETCATALOG_COMPILER_APPICON_NAME = AppIcon;
				INFOPLIST_FILE = sovina_ios/Info.plist;
				LD_RUNPATH_SEARCH_PATHS = "$(inherited) @executable_path/Frameworks";
				PRODUCT_BUNDLE_IDENTIFIER = "com.exemple.sovina-ios";
				PRODUCT_NAME = "$(TARGET_NAME)";
			};
			name = Debug;
		};
		D1EDC16E1C96D35500902C6E /* Release */ = {
			isa = XCBuildConfiguration;
			buildSettings = {
				ASSETCATALOG_COMPILER_APPICON_NAME = AppIcon;
				INFOPLIST_FILE = sovina_ios/Info.plist;
				LD_RUNPATH_SEARCH_PATHS = "$(inherited) @executable_path/Frameworks";
				PRODUCT_BUNDLE_IDENTIFIER = "com.exemple.sovina-ios";
				PRODUCT_NAME = "$(TARGET_NAME)";
			};
			name = Release;
		};
		D1EDC1701C96D35500902C6E /* Debug */ = {
			isa = XCBuildConfiguration;
			buildSettings = {
				BUNDLE_LOADER = "$(TEST_HOST)";
				INFOPLIST_FILE = sovina_iosTests/Info.plist;
				LD_RUNPATH_SEARCH_PATHS = "$(inherited) @executable_path/Frameworks @loader_path/Frameworks";
				PRODUCT_BUNDLE_IDENTIFIER = "com.exemple.sovina-iosTests";
				PRODUCT_NAME = "$(TARGET_NAME)";
				TEST_HOST = "$(BUILT_PRODUCTS_DIR)/sovina_ios.app/sovina_ios";
			};
			name = Debug;
		};
		D1EDC1711C96D35500902C6E /* Release */ = {
			isa = XCBuildConfiguration;
			buildSettings = {
				BUNDLE_LOADER = "$(TEST_HOST)";
				INFOPLIST_FILE = sovina_iosTests/Info.plist;
				LD_RUNPATH_SEARCH_PATHS = "$(inherited) @executable_path/Frameworks @loader_path/Frameworks";
				PRODUCT_BUNDLE_IDENTIFIER = "com.exemple.sovina-iosTests";
				PRODUCT_NAME = "$(TARGET_NAME)";
				TEST_HOST = "$(BUILT_PRODUCTS_DIR)/sovina_ios.app/sovina_ios";
			};
			name = Release;
		};
/* End XCBuildConfiguration section */

/* Begin XCConfigurationList section */
		D1EDC14A1C96D35400902C6E /* Build configuration list for PBXProject "sovina_ios" */ = {
			isa = XCConfigurationList;
			buildConfigurations = (
				D1EDC16A1C96D35500902C6E /* Debug */,
				D1EDC16B1C96D35500902C6E /* Release */,
			);
			defaultConfigurationIsVisible = 0;
			defaultConfigurationName = Release;
		};
		D1EDC16C1C96D35500902C6E /* Build configuration list for PBXNativeTarget "sovina_ios" */ = {
			isa = XCConfigurationList;
			buildConfigurations = (
				D1EDC16D1C96D35500902C6E /* Debug */,
				D1EDC16E1C96D35500902C6E /* Release */,
			);
			defaultConfigurationIsVisible = 0;
		};
		D1EDC16F1C96D35500902C6E /* Build configuration list for PBXNativeTarget "sovina_iosTests" */ = {
			isa = XCConfigurationList;
			buildConfigurations = (
				D1EDC1701C96D35500902C6E /* Debug */,
				D1EDC1711C96D35500902C6E /* Release */,
			);
			defaultConfigurationIsVisible = 0;
		};
/* End XCConfigurationList section */
	};
	rootObject = D1EDC1471C96D35400902C6E /* Project object */;
}
